{
  "requires": true,
  "lockfileVersion": 1,
  "dependencies": {
    "colornames": {
      "version": "1.1.1",
      "resolved": "https://registry.npmjs.org/colornames/-/colornames-1.1.1.tgz",
      "integrity": "sha1-+IiQMGhcfE/54qVZ9Qd+t2qBb5Y="
    },
    "hex-rgb": {
      "version": "1.0.0",
      "resolved": "https://registry.npmjs.org/hex-rgb/-/hex-rgb-1.0.0.tgz",
      "integrity": "sha1-UyJ1aXy5gj4FJCmxhMZ4HUbP30k="
    },
    "lodash.padend": {
      "version": "4.6.1",
      "resolved": "https://registry.npmjs.org/lodash.padend/-/lodash.padend-4.6.1.tgz",
      "integrity": "sha1-U8y6BH0G4VjTEfRdpiX05J5vFm4="
    },
    "lodash.trimstart": {
      "version": "4.5.1",
      "resolved": "https://registry.npmjs.org/lodash.trimstart/-/lodash.trimstart-4.5.1.tgz",
      "integrity": "sha1-j/TexTLYJIavWVc8OURZFOlEp/E="
    },
    "lodash.words": {
      "version": "4.2.0",
      "resolved": "https://registry.npmjs.org/lodash.words/-/lodash.words-4.2.0.tgz",
      "integrity": "sha1-Xs/q+Oz4rKqODIOGKV8Zk8nPQDY="
    },
    "rgb-hex": {
      "version": "2.1.0",
      "resolved": "https://registry.npmjs.org/rgb-hex/-/rgb-hex-2.1.0.tgz",
      "integrity": "sha1-x3PF/iJoolV42SU5qCp6XOU77aY="
    },
    "string-to-color": {
      "version": "2.1.3",
      "resolved": "https://registry.npmjs.org/string-to-color/-/string-to-color-2.1.3.tgz",
      "integrity": "sha512-pSJRkuNK4Qcjs3X9yqNP+6ZobZk8tkBWkR9vXr2AiG6dct4XQGS0YQ1iIa7tvo8VxvTL+BIpm0w/ZHmQqS+zrQ==",
      "requires": {
        "colornames": "^1.1.1",
        "hex-rgb": "^1.0.0",
        "lodash.padend": "^4.6.1",
        "lodash.trimstart": "^4.5.1",
        "lodash.words": "^4.2.0",
        "rgb-hex": "^2.1.0"
      }
    }
  }
}
